
Microsoft Visual Studio Solution File, Format Version 12.00
# Visual Studio Version 17
VisualStudioVersion = 17.1.32210.238
MinimumVisualStudioVersion = 10.0.40219.1
Project("{FAE04EC0-301F-11D3-BF4B-00C04F79EFBC}") = "PerformanceDifferences", "PerformanceDifferences.csproj", "{039CB6C9-F7B4-4BE5-AAF0-C3C0BF9C48F6}"
EndProject
Global
	GlobalSection(SolutionConfigurationPlatforms) = preSolution
		Debug|Any CPU = Debug|Any CPU
		Release|Any CPU = Release|Any CPU
	EndGlobalSection
	GlobalSection(ProjectConfigurationPlatforms) = postSolution
		{039CB6C9-F7B4-4BE5-AAF0-C3C0BF9C48F6}.Debug|Any CPU.ActiveCfg = Debug|Any CPU
		{039CB6C9-F7B4-4BE5-AAF0-C3C0BF9C48F6}.Debug|Any CPU.Build.0 = Debug|Any CPU
		{039CB6C9-F7B4-4BE5-AAF0-C3C0BF9C48F6}.Release|Any CPU.ActiveCfg = Release|Any CPU
		{039CB6C9-F7B4-4BE5-AAF0-C3C0BF9C48F6}.Release|Any CPU.Build.0 = Release|Any CPU
	EndGlobalSection
	GlobalSection(SolutionProperties) = preSolution
		HideSolutionNode = FALSE
	EndGlobalSection
	GlobalSection(ExtensibilityGlobals) = postSolution
		SolutionGuid = {2CFF593E-74EC-4C77-83D9-641A465FA813}
	EndGlobalSection
EndGlobal
